
Microsoft Visual Studio Solution File, Format Version 12.00
# Visual Studio Version 16
VisualStudioVersion = 16.0.30011.22
MinimumVisualStudioVersion = 10.0.40219.1
Project("{FAE04EC0-301F-11D3-BF4B-00C04F79EFBC}") = "TreeExperiment", "TreeExperiment\TreeExperiment.csproj", "{610D1D1C-741C-4284-B92F-BF4A3810777B}"
EndProject
Project("{FAE04EC0-301F-11D3-BF4B-00C04F79EFBC}") = "Sjs_Trees", "Sjs_Trees\Sjs_Trees.csproj", "{1AF90F56-0E2C-46D3-9088-6BE1F4FD3570}"
EndProject
Global
	GlobalSection(SolutionConfigurationPlatforms) = preSolution
		Debug|Any CPU = Debug|Any CPU
		Release|Any CPU = Release|Any CPU
	EndGlobalSection
	GlobalSection(ProjectConfigurationPlatforms) = postSolution
		{610D1D1C-741C-4284-B92F-BF4A3810777B}.Debug|Any CPU.ActiveCfg = Debug|Any CPU
		{610D1D1C-741C-4284-B92F-BF4A3810777B}.Debug|Any CPU.Build.0 = Debug|Any CPU
		{610D1D1C-741C-4284-B92F-BF4A3810777B}.Release|Any CPU.ActiveCfg = Release|Any CPU
		{610D1D1C-741C-4284-B92F-BF4A3810777B}.Release|Any CPU.Build.0 = Release|Any CPU
		{1AF90F56-0E2C-46D3-9088-6BE1F4FD3570}.Debug|Any CPU.ActiveCfg = Debug|Any CPU
		{1AF90F56-0E2C-46D3-9088-6BE1F4FD3570}.Debug|Any CPU.Build.0 = Debug|Any CPU
		{1AF90F56-0E2C-46D3-9088-6BE1F4FD3570}.Release|Any CPU.ActiveCfg = Release|Any CPU
		{1AF90F56-0E2C-46D3-9088-6BE1F4FD3570}.Release|Any CPU.Build.0 = Release|Any CPU
	EndGlobalSection
	GlobalSection(SolutionProperties) = preSolution
		HideSolutionNode = FALSE
	EndGlobalSection
	GlobalSection(ExtensibilityGlobals) = postSolution
		SolutionGuid = {FA69D11E-F589-4B35-A041-6514FF24F811}
	EndGlobalSection
EndGlobal
